
Microsoft Visual Studio Solution File, Format Version 12.00
# Visual Studio Version 17
VisualStudioVersion = 17.9.34714.143
MinimumVisualStudioVersion = 10.0.40219.1
Project("{9A19103F-16F7-4668-BE54-9A1E7A4F7556}") = "Cobo.Api", "Cobo.Api.csproj", "{9AF1E069-4041-4440-AF20-2B53E998B20F}"
EndProject
Project("{9A19103F-16F7-4668-BE54-9A1E7A4F7556}") = "Cobo.Application", "..\Cobo.Application\Cobo.Application.csproj", "{16A57CF2-7C51-4DC0-BEC5-F68EA43FD98E}"
EndProject
Project("{9A19103F-16F7-4668-BE54-9A1E7A4F7556}") = "Cobo.Domain", "..\Domain\Cobo.Domain.csproj", "{C08B5580-BD9B-4E57-B934-650BD01B350E}"
EndProject
Project("{9A19103F-16F7-4668-BE54-9A1E7A4F7556}") = "Cobo.Infraestructure", "..\Cobo.Infraestructure\Cobo.Infraestructure.csproj", "{9BE11712-EC82-41E5-BD4B-99852095A105}"
EndProject
Global
	GlobalSection(SolutionConfigurationPlatforms) = preSolution
		Debug|Any CPU = Debug|Any CPU
		Release|Any CPU = Release|Any CPU
	EndGlobalSection
	GlobalSection(ProjectConfigurationPlatforms) = postSolution
		{9AF1E069-4041-4440-AF20-2B53E998B20F}.Debug|Any CPU.ActiveCfg = Debug|Any CPU
		{9AF1E069-4041-4440-AF20-2B53E998B20F}.Debug|Any CPU.Build.0 = Debug|Any CPU
		{9AF1E069-4041-4440-AF20-2B53E998B20F}.Release|Any CPU.ActiveCfg = Release|Any CPU
		{9AF1E069-4041-4440-AF20-2B53E998B20F}.Release|Any CPU.Build.0 = Release|Any CPU
		{16A57CF2-7C51-4DC0-BEC5-F68EA43FD98E}.Debug|Any CPU.ActiveCfg = Debug|Any CPU
		{16A57CF2-7C51-4DC0-BEC5-F68EA43FD98E}.Debug|Any CPU.Build.0 = Debug|Any CPU
		{16A57CF2-7C51-4DC0-BEC5-F68EA43FD98E}.Release|Any CPU.ActiveCfg = Release|Any CPU
		{16A57CF2-7C51-4DC0-BEC5-F68EA43FD98E}.Release|Any CPU.Build.0 = Release|Any CPU
		{C08B5580-BD9B-4E57-B934-650BD01B350E}.Debug|Any CPU.ActiveCfg = Debug|Any CPU
		{C08B5580-BD9B-4E57-B934-650BD01B350E}.Debug|Any CPU.Build.0 = Debug|Any CPU
		{C08B5580-BD9B-4E57-B934-650BD01B350E}.Release|Any CPU.ActiveCfg = Release|Any CPU
		{C08B5580-BD9B-4E57-B934-650BD01B350E}.Release|Any CPU.Build.0 = Release|Any CPU
		{9BE11712-EC82-41E5-BD4B-99852095A105}.Debug|Any CPU.ActiveCfg = Debug|Any CPU
		{9BE11712-EC82-41E5-BD4B-99852095A105}.Debug|Any CPU.Build.0 = Debug|Any CPU
		{9BE11712-EC82-41E5-BD4B-99852095A105}.Release|Any CPU.ActiveCfg = Release|Any CPU
		{9BE11712-EC82-41E5-BD4B-99852095A105}.Release|Any CPU.Build.0 = Release|Any CPU
	EndGlobalSection
	GlobalSection(SolutionProperties) = preSolution
		HideSolutionNode = FALSE
	EndGlobalSection
	GlobalSection(ExtensibilityGlobals) = postSolution
		SolutionGuid = {830E97F6-6EE5-4A36-B0F7-81AAFF6E87AF}
	EndGlobalSection
EndGlobal
